
Microsoft Visual Studio Solution File, Format Version 12.00
# Visual Studio Version 17
VisualStudioVersion = 17.0.32014.148
MinimumVisualStudioVersion = 10.0.40219.1
Project("{FAE04EC0-301F-11D3-BF4B-00C04F79EFBC}") = "Template4439", "Template4439\Template4439.csproj", "{B40342A4-C970-4A84-B1A9-2E4CA04A0A9F}"
EndProject
Global
	GlobalSection(SolutionConfigurationPlatforms) = preSolution
		Debug|Any CPU = Debug|Any CPU
		Release|Any CPU = Release|Any CPU
	EndGlobalSection
	GlobalSection(ProjectConfigurationPlatforms) = postSolution
		{B40342A4-C970-4A84-B1A9-2E4CA04A0A9F}.Debug|Any CPU.ActiveCfg = Debug|Any CPU
		{B40342A4-C970-4A84-B1A9-2E4CA04A0A9F}.Debug|Any CPU.Build.0 = Debug|Any CPU
		{B40342A4-C970-4A84-B1A9-2E4CA04A0A9F}.Release|Any CPU.ActiveCfg = Release|Any CPU
		{B40342A4-C970-4A84-B1A9-2E4CA04A0A9F}.Release|Any CPU.Build.0 = Release|Any CPU
	EndGlobalSection
	GlobalSection(SolutionProperties) = preSolution
		HideSolutionNode = FALSE
	EndGlobalSection
	GlobalSection(ExtensibilityGlobals) = postSolution
		SolutionGuid = {CDAE9674-C141-426E-8A4A-F753A1E4751F}
	EndGlobalSection
EndGlobal
